// !$*UTF8*$!
{
	archiveVersion = 1;
	classes = {
	};
	objectVersion = 56;
	objects = {

/* Begin PBXBuildFile section */
		54CBA4192B72205C00BD9125 /* AppDelegate.swift in Sources */ = {isa = PBXBuildFile; fileRef = 54CBA4182B72205C00BD9125 /* AppDelegate.swift */; };
		54CBA41B2B72205C00BD9125 /* SceneDelegate.swift in Sources */ = {isa = PBXBuildFile; fileRef = 54CBA41A2B72205C00BD9125 /* SceneDelegate.swift */; };
		54CBA41D2B72205C00BD9125 /* ViewController.swift in Sources */ = {isa = PBXBuildFile; fileRef = 54CBA41C2B72205C00BD9125 /* ViewController.swift */; };
		54CBA4222B72205D00BD9125 /* Assets.xcassets in Resources */ = {isa = PBXBuildFile; fileRef = 54CBA4212B72205D00BD9125 /* Assets.xcassets */; };
		54CBA4252B72205D00BD9125 /* LaunchScreen.storyboard in Resources */ = {isa = PBXBuildFile; fileRef = 54CBA4232B72205D00BD9125 /* LaunchScreen.storyboard */; };
		54CBA43C2B722B8D00BD9125 /* Roboto-Medium.ttf in Resources */ = {isa = PBXBuildFile; fileRef = 54CBA42F2B722B8D00BD9125 /* Roboto-Medium.ttf */; };
		54CBA43D2B722B8D00BD9125 /* Roboto-Light.ttf in Resources */ = {isa = PBXBuildFile; fileRef = 54CBA4302B722B8D00BD9125 /* Roboto-Light.ttf */; };
		54CBA43E2B722B8D00BD9125 /* Roboto-Regular.ttf in Resources */ = {isa = PBXBuildFile; fileRef = 54CBA4312B722B8D00BD9125 /* Roboto-Regular.ttf */; };
		54CBA43F2B722B8D00BD9125 /* Roboto-MediumItalic.ttf in Resources */ = {isa = PBXBuildFile; fileRef = 54CBA4322B722B8D00BD9125 /* Roboto-MediumItalic.ttf */; };
		54CBA4402B722B8D00BD9125 /* Roboto-ThinItalic.ttf in Resources */ = {isa = PBXBuildFile; fileRef = 54CBA4332B722B8D00BD9125 /* Roboto-ThinItalic.ttf */; };
		54CBA4412B722B8D00BD9125 /* Roboto-BoldItalic.ttf in Resources */ = {isa = PBXBuildFile; fileRef = 54CBA4342B722B8D00BD9125 /* Roboto-BoldItalic.ttf */; };
		54CBA4422B722B8D00BD9125 /* Roboto-LightItalic.ttf in Resources */ = {isa = PBXBuildFile; fileRef = 54CBA4352B722B8D00BD9125 /* Roboto-LightItalic.ttf */; };
		54CBA4432B722B8D00BD9125 /* Roboto-Italic.ttf in Resources */ = {isa = PBXBuildFile; fileRef = 54CBA4362B722B8D00BD9125 /* Roboto-Italic.ttf */; };
		54CBA4442B722B8D00BD9125 /* LICENSE.txt in Resources */ = {isa = PBXBuildFile; fileRef = 54CBA4372B722B8D00BD9125 /* LICENSE.txt */; };
		54CBA4452B722B8D00BD9125 /* Roboto-BlackItalic.ttf in Resources */ = {isa = PBXBuildFile; fileRef = 54CBA4382B722B8D00BD9125 /* Roboto-BlackItalic.ttf */; };
		54CBA4462B722B8D00BD9125 /* Roboto-Bold.ttf in Resources */ = {isa = PBXBuildFile; fileRef = 54CBA4392B722B8D00BD9125 /* Roboto-Bold.ttf */; };
		54CBA4472B722B8D00BD9125 /* Roboto-Thin.ttf in Resources */ = {isa = PBXBuildFile; fileRef = 54CBA43A2B722B8D00BD9125 /* Roboto-Thin.ttf */; };
		54CBA4482B722B8D00BD9125 /* Roboto-Black.ttf in Resources */ = {isa = PBXBuildFile; fileRef = 54CBA43B2B722B8D00BD9125 /* Roboto-Black.ttf */; };
		54CBA44B2B722DE100BD9125 /* UIFont+Extension.swift in Sources */ = {isa = PBXBuildFile; fileRef = 54CBA44A2B722DE100BD9125 /* UIFont+Extension.swift */; };
		54CBA44D2B7236DF00BD9125 /* UIColor+Extension.swift in Sources */ = {isa = PBXBuildFile; fileRef = 54CBA44C2B7236DF00BD9125 /* UIColor+Extension.swift */; };
		54CBA44F2B72379800BD9125 /* AppColors.swift in Sources */ = {isa = PBXBuildFile; fileRef = 54CBA44E2B72379800BD9125 /* AppColors.swift */; };
/* End PBXBuildFile section */

/* Begin PBXFileReference section */
		54CBA4152B72205C00BD9125 /* FoodDeliveryApp.app */ = {isa = PBXFileReference; explicitFileType = wrapper.application; includeInIndex = 0; path = FoodDeliveryApp.app; sourceTree = BUILT_PRODUCTS_DIR; };
		54CBA4182B72205C00BD9125 /* AppDelegate.swift */ = {isa = PBXFileReference; lastKnownFileType = sourcecode.swift; path = AppDelegate.swift; sourceTree = "<group>"; };
		54CBA41A2B72205C00BD9125 /* SceneDelegate.swift */ = {isa = PBXFileReference; lastKnownFileType = sourcecode.swift; path = SceneDelegate.swift; sourceTree = "<group>"; };
		54CBA41C2B72205C00BD9125 /* ViewController.swift */ = {isa = PBXFileReference; lastKnownFileType = sourcecode.swift; path = ViewController.swift; sourceTree = "<group>"; };
		54CBA4212B72205D00BD9125 /* Assets.xcassets */ = {isa = PBXFileReference; lastKnownFileType = folder.assetcatalog; path = Assets.xcassets; sourceTree = "<group>"; };
		54CBA4242B72205D00BD9125 /* Base */ = {isa = PBXFileReference; lastKnownFileType = file.storyboard; name = Base; path = Base.lproj/LaunchScreen.storyboard; sourceTree = "<group>"; };
		54CBA4262B72205D00BD9125 /* Info.plist */ = {isa = PBXFileReference; lastKnownFileType = text.plist.xml; path = Info.plist; sourceTree = "<group>"; };
		54CBA42F2B722B8D00BD9125 /* Roboto-Medium.ttf */ = {isa = PBXFileReference; lastKnownFileType = file; path = "Roboto-Medium.ttf"; sourceTree = "<group>"; };
		54CBA4302B722B8D00BD9125 /* Roboto-Light.ttf */ = {isa = PBXFileReference; lastKnownFileType = file; path = "Roboto-Light.ttf"; sourceTree = "<group>"; };
		54CBA4312B722B8D00BD9125 /* Roboto-Regular.ttf */ = {isa = PBXFileReference; lastKnownFileType = file; path = "Roboto-Regular.ttf"; sourceTree = "<group>"; };
		54CBA4322B722B8D00BD9125 /* Roboto-MediumItalic.ttf */ = {isa = PBXFileReference; lastKnownFileType = file; path = "Roboto-MediumItalic.ttf"; sourceTree = "<group>"; };
		54CBA4332B722B8D00BD9125 /* Roboto-ThinItalic.ttf */ = {isa = PBXFileReference; lastKnownFileType = file; path = "Roboto-ThinItalic.ttf"; sourceTree = "<group>"; };
		54CBA4342B722B8D00BD9125 /* Roboto-BoldItalic.ttf */ = {isa = PBXFileReference; lastKnownFileType = file; path = "Roboto-BoldItalic.ttf"; sourceTree = "<group>"; };
		54CBA4352B722B8D00BD9125 /* Roboto-LightItalic.ttf */ = {isa = PBXFileReference; lastKnownFileType = file; path = "Roboto-LightItalic.ttf"; sourceTree = "<group>"; };
		54CBA4362B722B8D00BD9125 /* Roboto-Italic.ttf */ = {isa = PBXFileReference; lastKnownFileType = file; path = "Roboto-Italic.ttf"; sourceTree = "<group>"; };
		54CBA4372B722B8D00BD9125 /* LICENSE.txt */ = {isa = PBXFileReference; fileEncoding = 4; lastKnownFileType = text; path = LICENSE.txt; sourceTree = "<group>"; };
		54CBA4382B722B8D00BD9125 /* Roboto-BlackItalic.ttf */ = {isa = PBXFileReference; lastKnownFileType = file; path = "Roboto-BlackItalic.ttf"; sourceTree = "<group>"; };
		54CBA4392B722B8D00BD9125 /* Roboto-Bold.ttf */ = {isa = PBXFileReference; lastKnownFileType = file; path = "Roboto-Bold.ttf"; sourceTree = "<group>"; };
		54CBA43A2B722B8D00BD9125 /* Roboto-Thin.ttf */ = {isa = PBXFileReference; lastKnownFileType = file; path = "Roboto-Thin.ttf"; sourceTree = "<group>"; };
		54CBA43B2B722B8D00BD9125 /* Roboto-Black.ttf */ = {isa = PBXFileReference; lastKnownFileType = file; path = "Roboto-Black.ttf"; sourceTree = "<group>"; };
		54CBA44A2B722DE100BD9125 /* UIFont+Extension.swift */ = {isa = PBXFileReference; lastKnownFileType = sourcecode.swift; path = "UIFont+Extension.swift"; sourceTree = "<group>"; };
		54CBA44C2B7236DF00BD9125 /* UIColor+Extension.swift */ = {isa = PBXFileReference; lastKnownFileType = sourcecode.swift; path = "UIColor+Extension.swift"; sourceTree = "<group>"; };
		54CBA44E2B72379800BD9125 /* AppColors.swift */ = {isa = PBXFileReference; lastKnownFileType = sourcecode.swift; path = AppColors.swift; sourceTree = "<group>"; };
/* End PBXFileReference section */

/* Begin PBXFrameworksBuildPhase section */
		54CBA4122B72205C00BD9125 /* Frameworks */ = {
			isa = PBXFrameworksBuildPhase;
			buildActionMask = 2147483647;
			files = (
			);
			runOnlyForDeploymentPostprocessing = 0;
		};
/* End PBXFrameworksBuildPhase section */

/* Begin PBXGroup section */
		54CBA40C2B72205C00BD9125 = {
			isa = PBXGroup;
			children = (
				54CBA4172B72205C00BD9125 /* FoodDeliveryApp */,
				54CBA4162B72205C00BD9125 /* Products */,
			);
			sourceTree = "<group>";
		};
		54CBA4162B72205C00BD9125 /* Products */ = {
			isa = PBXGroup;
			children = (
				54CBA4152B72205C00BD9125 /* FoodDeliveryApp.app */,
			);
			name = Products;
			sourceTree = "<group>";
		};
		54CBA4172B72205C00BD9125 /* FoodDeliveryApp */ = {
			isa = PBXGroup;
			children = (
				54CBA42C2B722B5600BD9125 /* Resources */,
				54CBA4182B72205C00BD9125 /* AppDelegate.swift */,
				54CBA41A2B72205C00BD9125 /* SceneDelegate.swift */,
				54CBA41C2B72205C00BD9125 /* ViewController.swift */,
				54CBA4212B72205D00BD9125 /* Assets.xcassets */,
				54CBA4232B72205D00BD9125 /* LaunchScreen.storyboard */,
				54CBA4262B72205D00BD9125 /* Info.plist */,
			);
			path = FoodDeliveryApp;
			sourceTree = "<group>";
		};
		54CBA42C2B722B5600BD9125 /* Resources */ = {
			isa = PBXGroup;
			children = (
				54CBA4492B722DC300BD9125 /* Extensions */,
				54CBA42D2B722B6300BD9125 /* Fonts */,
				54CBA44E2B72379800BD9125 /* AppColors.swift */,
			);
			path = Resources;
			sourceTree = "<group>";
		};
		54CBA42D2B722B6300BD9125 /* Fonts */ = {
			isa = PBXGroup;
			children = (
				54CBA42E2B722B8D00BD9125 /* Roboto */,
			);
			path = Fonts;
			sourceTree = "<group>";
		};
		54CBA42E2B722B8D00BD9125 /* Roboto */ = {
			isa = PBXGroup;
			children = (
				54CBA42F2B722B8D00BD9125 /* Roboto-Medium.ttf */,
				54CBA4302B722B8D00BD9125 /* Roboto-Light.ttf */,
				54CBA4312B722B8D00BD9125 /* Roboto-Regular.ttf */,
				54CBA4322B722B8D00BD9125 /* Roboto-MediumItalic.ttf */,
				54CBA4332B722B8D00BD9125 /* Roboto-ThinItalic.ttf */,
				54CBA4342B722B8D00BD9125 /* Roboto-BoldItalic.ttf */,
				54CBA4352B722B8D00BD9125 /* Roboto-LightItalic.ttf */,
				54CBA4362B722B8D00BD9125 /* Roboto-Italic.ttf */,
				54CBA4372B722B8D00BD9125 /* LICENSE.txt */,
				54CBA4382B722B8D00BD9125 /* Roboto-BlackItalic.ttf */,
				54CBA4392B722B8D00BD9125 /* Roboto-Bold.ttf */,
				54CBA43A2B722B8D00BD9125 /* Roboto-Thin.ttf */,
				54CBA43B2B722B8D00BD9125 /* Roboto-Black.ttf */,
			);
			path = Roboto;
			sourceTree = "<group>";
		};
		54CBA4492B722DC300BD9125 /* Extensions */ = {
			isa = PBXGroup;
			children = (
				54CBA44A2B722DE100BD9125 /* UIFont+Extension.swift */,
				54CBA44C2B7236DF00BD9125 /* UIColor+Extension.swift */,
			);
			path = Extensions;
			sourceTree = "<group>";
		};
/* End PBXGroup section */

/* Begin PBXNativeTarget section */
		54CBA4142B72205C00BD9125 /* FoodDeliveryApp */ = {
			isa = PBXNativeTarget;
			buildConfigurationList = 54CBA4292B72205D00BD9125 /* Build configuration list for PBXNativeTarget "FoodDeliveryApp" */;
			buildPhases = (
				54CBA4112B72205C00BD9125 /* Sources */,
				54CBA4122B72205C00BD9125 /* Frameworks */,
				54CBA4132B72205C00BD9125 /* Resources */,
			);
			buildRules = (
			);
			dependencies = (
			);
			name = FoodDeliveryApp;
			productName = FoodDeliveryApp;
			productReference = 54CBA4152B72205C00BD9125 /* FoodDeliveryApp.app */;
			productType = "com.apple.product-type.application";
		};
/* End PBXNativeTarget section */

/* Begin PBXProject section */
		54CBA40D2B72205C00BD9125 /* Project object */ = {
			isa = PBXProject;
			attributes = {
				BuildIndependentTargetsInParallel = 1;
				LastSwiftUpdateCheck = 1520;
				LastUpgradeCheck = 1520;
				TargetAttributes = {
					54CBA4142B72205C00BD9125 = {
						CreatedOnToolsVersion = 15.2;
					};
				};
			};
			buildConfigurationList = 54CBA4102B72205C00BD9125 /* Build configuration list for PBXProject "FoodDeliveryApp" */;
			compatibilityVersion = "Xcode 14.0";
			developmentRegion = en;
			hasScannedForEncodings = 0;
			knownRegions = (
				en,
				Base,
			);
			mainGroup = 54CBA40C2B72205C00BD9125;
			productRefGroup = 54CBA4162B72205C00BD9125 /* Products */;
			projectDirPath = "";
			projectRoot = "";
			targets = (
				54CBA4142B72205C00BD9125 /* FoodDeliveryApp */,
			);
		};
/* End PBXProject section */

/* Begin PBXResourcesBuildPhase section */
		54CBA4132B72205C00BD9125 /* Resources */ = {
			isa = PBXResourcesBuildPhase;
			buildActionMask = 2147483647;
			files = (
				54CBA4472B722B8D00BD9125 /* Roboto-Thin.ttf in Resources */,
				54CBA4442B722B8D00BD9125 /* LICENSE.txt in Resources */,
				54CBA4482B722B8D00BD9125 /* Roboto-Black.ttf in Resources */,
				54CBA4462B722B8D00BD9125 /* Roboto-Bold.ttf in Resources */,
				54CBA4252B72205D00BD9125 /* LaunchScreen.storyboard in Resources */,
				54CBA4222B72205D00BD9125 /* Assets.xcassets in Resources */,
				54CBA4412B722B8D00BD9125 /* Roboto-BoldItalic.ttf in Resources */,
				54CBA43E2B722B8D00BD9125 /* Roboto-Regular.ttf in Resources */,
				54CBA4402B722B8D00BD9125 /* Roboto-ThinItalic.ttf in Resources */,
				54CBA4422B722B8D00BD9125 /* Roboto-LightItalic.ttf in Resources */,
				54CBA4452B722B8D00BD9125 /* Roboto-BlackItalic.ttf in Resources */,
				54CBA43D2B722B8D00BD9125 /* Roboto-Light.ttf in Resources */,
				54CBA4432B722B8D00BD9125 /* Roboto-Italic.ttf in Resources */,
				54CBA43F2B722B8D00BD9125 /* Roboto-MediumItalic.ttf in Resources */,
				54CBA43C2B722B8D00BD9125 /* Roboto-Medium.ttf in Resources */,
			);
			runOnlyForDeploymentPostprocessing = 0;
		};
/* End PBXResourcesBuildPhase section */

/* Begin PBXSourcesBuildPhase section */
		54CBA4112B72205C00BD9125 /* Sources */ = {
			isa = PBXSourcesBuildPhase;
			buildActionMask = 2147483647;
			files = (
				54CBA41D2B72205C00BD9125 /* ViewController.swift in Sources */,
				54CBA4192B72205C00BD9125 /* AppDelegate.swift in Sources */,
				54CBA44B2B722DE100BD9125 /* UIFont+Extension.swift in Sources */,
				54CBA44F2B72379800BD9125 /* AppColors.swift in Sources */,
				54CBA41B2B72205C00BD9125 /* SceneDelegate.swift in Sources */,
				54CBA44D2B7236DF00BD9125 /* UIColor+Extension.swift in Sources */,
			);
			runOnlyForDeploymentPostprocessing = 0;
		};
/* End PBXSourcesBuildPhase section */

/* Begin PBXVariantGroup section */
		54CBA4232B72205D00BD9125 /* LaunchScreen.storyboard */ = {
			isa = PBXVariantGroup;
			children = (
				54CBA4242B72205D00BD9125 /* Base */,
			);
			name = LaunchScreen.storyboard;
			sourceTree = "<group>";
		};
/* End PBXVariantGroup section */

/* Begin XCBuildConfiguration section */
		54CBA4272B72205D00BD9125 /* Debug */ = {
			isa = XCBuildConfiguration;
			buildSettings = {
				ALWAYS_SEARCH_USER_PATHS = NO;
				ASSETCATALOG_COMPILER_GENERATE_SWIFT_ASSET_SYMBOL_EXTENSIONS = YES;
				CLANG_ANALYZER_NONNULL = YES;
				CLANG_ANALYZER_NUMBER_OBJECT_CONVERSION = YES_AGGRESSIVE;
				CLANG_CXX_LANGUAGE_STANDARD = "gnu++20";
				CLANG_ENABLE_MODULES = YES;
				CLANG_ENABLE_OBJC_ARC = YES;
				CLANG_ENABLE_OBJC_WEAK = YES;
				CLANG_WARN_BLOCK_CAPTURE_AUTORELEASING = YES;
				CLANG_WARN_BOOL_CONVERSION = YES;
				CLANG_WARN_COMMA = YES;
				CLANG_WARN_CONSTANT_CONVERSION = YES;
				CLANG_WARN_DEPRECATED_OBJC_IMPLEMENTATIONS = YES;
				CLANG_WARN_DIRECT_OBJC_ISA_USAGE = YES_ERROR;
				CLANG_WARN_DOCUMENTATION_COMMENTS = YES;
				CLANG_WARN_EMPTY_BODY = YES;
				CLANG_WARN_ENUM_CONVERSION = YES;
				CLANG_WARN_INFINITE_RECURSION = YES;
				CLANG_WARN_INT_CONVERSION = YES;
				CLANG_WARN_NON_LITERAL_NULL_CONVERSION = YES;
				CLANG_WARN_OBJC_IMPLICIT_RETAIN_SELF = YES;
				CLANG_WARN_OBJC_LITERAL_CONVERSION = YES;
				CLANG_WARN_OBJC_ROOT_CLASS = YES_ERROR;
				CLANG_WARN_QUOTED_INCLUDE_IN_FRAMEWORK_HEADER = YES;
				CLANG_WARN_RANGE_LOOP_ANALYSIS = YES;
				CLANG_WARN_STRICT_PROTOTYPES = YES;
				CLANG_WARN_SUSPICIOUS_MOVE = YES;
				CLANG_WARN_UNGUARDED_AVAILABILITY = YES_AGGRESSIVE;
				CLANG_WARN_UNREACHABLE_CODE = YES;
				CLANG_WARN__DUPLICATE_METHOD_MATCH = YES;
				COPY_PHASE_STRIP = NO;
				DEBUG_INFORMATION_FORMAT = dwarf;
				ENABLE_STRICT_OBJC_MSGSEND = YES;
				ENABLE_TESTABILITY = YES;
				ENABLE_USER_SCRIPT_SANDBOXING = YES;
				GCC_C_LANGUAGE_STANDARD = gnu17;
				GCC_DYNAMIC_NO_PIC = NO;
				GCC_NO_COMMON_BLOCKS = YES;
				GCC_OPTIMIZATION_LEVEL = 0;
				GCC_PREPROCESSOR_DEFINITIONS = (
					"DEBUG=1",
					"$(inherited)",
				);
				GCC_WARN_64_TO_32_BIT_CONVERSION = YES;
				GCC_WARN_ABOUT_RETURN_TYPE = YES_ERROR;
				GCC_WARN_UNDECLARED_SELECTOR = YES;
				GCC_WARN_UNINITIALIZED_AUTOS = YES_AGGRESSIVE;
				GCC_WARN_UNUSED_FUNCTION = YES;
				GCC_WARN_UNUSED_VARIABLE = YES;
				IPHONEOS_DEPLOYMENT_TARGET = 17.2;
				LOCALIZATION_PREFERS_STRING_CATALOGS = YES;
				MTL_ENABLE_DEBUG_INFO = INCLUDE_SOURCE;
				MTL_FAST_MATH = YES;
				ONLY_ACTIVE_ARCH = YES;
				SDKROOT = iphoneos;
				SWIFT_ACTIVE_COMPILATION_CONDITIONS = "DEBUG $(inherited)";
				SWIFT_OPTIMIZATION_LEVEL = "-Onone";
			};
			name = Debug;
		};
		54CBA4282B72205D00BD9125 /* Release */ = {
			isa = XCBuildConfiguration;
			buildSettings = {
				ALWAYS_SEARCH_USER_PATHS = NO;
				ASSETCATALOG_COMPILER_GENERATE_SWIFT_ASSET_SYMBOL_EXTENSIONS = YES;
				CLANG_ANALYZER_NONNULL = YES;
				CLANG_ANALYZER_NUMBER_OBJECT_CONVERSION = YES_AGGRESSIVE;
				CLANG_CXX_LANGUAGE_STANDARD = "gnu++20";
				CLANG_ENABLE_MODULES = YES;
				CLANG_ENABLE_OBJC_ARC = YES;
				CLANG_ENABLE_OBJC_WEAK = YES;
				CLANG_WARN_BLOCK_CAPTURE_AUTORELEASING = YES;
				CLANG_WARN_BOOL_CONVERSION = YES;
				CLANG_WARN_COMMA = YES;
				CLANG_WARN_CONSTANT_CONVERSION = YES;
				CLANG_WARN_DEPRECATED_OBJC_IMPLEMENTATIONS = YES;
				CLANG_WARN_DIRECT_OBJC_ISA_USAGE = YES_ERROR;
				CLANG_WARN_DOCUMENTATION_COMMENTS = YES;
				CLANG_WARN_EMPTY_BODY = YES;
				CLANG_WARN_ENUM_CONVERSION = YES;
				CLANG_WARN_INFINITE_RECURSION = YES;
				CLANG_WARN_INT_CONVERSION = YES;
				CLANG_WARN_NON_LITERAL_NULL_CONVERSION = YES;
				CLANG_WARN_OBJC_IMPLICIT_RETAIN_SELF = YES;
				CLANG_WARN_OBJC_LITERAL_CONVERSION = YES;
				CLANG_WARN_OBJC_ROOT_CLASS = YES_ERROR;
				CLANG_WARN_QUOTED_INCLUDE_IN_FRAMEWORK_HEADER = YES;
				CLANG_WARN_RANGE_LOOP_ANALYSIS = YES;
				CLANG_WARN_STRICT_PROTOTYPES = YES;
				CLANG_WARN_SUSPICIOUS_MOVE = YES;
				CLANG_WARN_UNGUARDED_AVAILABILITY = YES_AGGRESSIVE;
				CLANG_WARN_UNREACHABLE_CODE = YES;
				CLANG_WARN__DUPLICATE_METHOD_MATCH = YES;
				COPY_PHASE_STRIP = NO;
				DEBUG_INFORMATION_FORMAT = "dwarf-with-dsym";
				ENABLE_NS_ASSERTIONS = NO;
				ENABLE_STRICT_OBJC_MSGSEND = YES;
				ENABLE_USER_SCRIPT_SANDBOXING = YES;
				GCC_C_LANGUAGE_STANDARD = gnu17;
				GCC_NO_COMMON_BLOCKS = YES;
				GCC_WARN_64_TO_32_BIT_CONVERSION = YES;
				GCC_WARN_ABOUT_RETURN_TYPE = YES_ERROR;
				GCC_WARN_UNDECLARED_SELECTOR = YES;
				GCC_WARN_UNINITIALIZED_AUTOS = YES_AGGRESSIVE;
				GCC_WARN_UNUSED_FUNCTION = YES;
				GCC_WARN_UNUSED_VARIABLE = YES;
				IPHONEOS_DEPLOYMENT_TARGET = 17.2;
				LOCALIZATION_PREFERS_STRING_CATALOGS = YES;
				MTL_ENABLE_DEBUG_INFO = NO;
				MTL_FAST_MATH = YES;
				SDKROOT = iphoneos;
				SWIFT_COMPILATION_MODE = wholemodule;
				VALIDATE_PRODUCT = YES;
			};
			name = Release;
		};
		54CBA42A2B72205D00BD9125 /* Debug */ = {
			isa = XCBuildConfiguration;
			buildSettings = {
				ASSETCATALOG_COMPILER_APPICON_NAME = AppIcon;
				ASSETCATALOG_COMPILER_GLOBAL_ACCENT_COLOR_NAME = AccentColor;
				CODE_SIGN_STYLE = Automatic;
				CURRENT_PROJECT_VERSION = 1;
				DEVELOPMENT_TEAM = 9W625278YK;
				GENERATE_INFOPLIST_FILE = YES;
				INFOPLIST_FILE = FoodDeliveryApp/Info.plist;
				INFOPLIST_KEY_UIApplicationSupportsIndirectInputEvents = YES;
				INFOPLIST_KEY_UILaunchStoryboardName = LaunchScreen;
				INFOPLIST_KEY_UISupportedInterfaceOrientations_iPad = "UIInterfaceOrientationPortrait UIInterfaceOrientationPortraitUpsideDown UIInterfaceOrientationLandscapeLeft UIInterfaceOrientationLandscapeRight";
				INFOPLIST_KEY_UISupportedInterfaceOrientations_iPhone = "UIInterfaceOrientationPortrait UIInterfaceOrientationLandscapeLeft UIInterfaceOrientationLandscapeRight";
				LD_RUNPATH_SEARCH_PATHS = (
					"$(inherited)",
					"@executable_path/Frameworks",
				);
				MARKETING_VERSION = 1.0;
				PRODUCT_BUNDLE_IDENTIFIER = nezgovorov.FoodDeliveryApp;
				PRODUCT_NAME = "$(TARGET_NAME)";
				SWIFT_EMIT_LOC_STRINGS = YES;
				SWIFT_VERSION = 5.0;
				TARGETED_DEVICE_FAMILY = "1,2";
			};
			name = Debug;
		};
		54CBA42B2B72205D00BD9125 /* Release */ = {
			isa = XCBuildConfiguration;
			buildSettings = {
				ASSETCATALOG_COMPILER_APPICON_NAME = AppIcon;
				ASSETCATALOG_COMPILER_GLOBAL_ACCENT_COLOR_NAME = AccentColor;
				CODE_SIGN_STYLE = Automatic;
				CURRENT_PROJECT_VERSION = 1;
				DEVELOPMENT_TEAM = 9W625278YK;
				GENERATE_INFOPLIST_FILE = YES;
				INFOPLIST_FILE = FoodDeliveryApp/Info.plist;
				INFOPLIST_KEY_UIApplicationSupportsIndirectInputEvents = YES;
				INFOPLIST_KEY_UILaunchStoryboardName = LaunchScreen;
				INFOPLIST_KEY_UISupportedInterfaceOrientations_iPad = "UIInterfaceOrientationPortrait UIInterfaceOrientationPortraitUpsideDown UIInterfaceOrientationLandscapeLeft UIInterfaceOrientationLandscapeRight";
				INFOPLIST_KEY_UISupportedInterfaceOrientations_iPhone = "UIInterfaceOrientationPortrait UIInterfaceOrientationLandscapeLeft UIInterfaceOrientationLandscapeRight";
				LD_RUNPATH_SEARCH_PATHS = (
					"$(inherited)",
					"@executable_path/Frameworks",
				);
				MARKETING_VERSION = 1.0;
				PRODUCT_BUNDLE_IDENTIFIER = nezgovorov.FoodDeliveryApp;
				PRODUCT_NAME = "$(TARGET_NAME)";
				SWIFT_EMIT_LOC_STRINGS = YES;
				SWIFT_VERSION = 5.0;
				TARGETED_DEVICE_FAMILY = "1,2";
			};
			name = Release;
		};
/* End XCBuildConfiguration section */

/* Begin XCConfigurationList section */
		54CBA4102B72205C00BD9125 /* Build configuration list for PBXProject "FoodDeliveryApp" */ = {
			isa = XCConfigurationList;
			buildConfigurations = (
				54CBA4272B72205D00BD9125 /* Debug */,
				54CBA4282B72205D00BD9125 /* Release */,
			);
			defaultConfigurationIsVisible = 0;
			defaultConfigurationName = Release;
		};
		54CBA4292B72205D00BD9125 /* Build configuration list for PBXNativeTarget "FoodDeliveryApp" */ = {
			isa = XCConfigurationList;
			buildConfigurations = (
				54CBA42A2B72205D00BD9125 /* Debug */,
				54CBA42B2B72205D00BD9125 /* Release */,
			);
			defaultConfigurationIsVisible = 0;
			defaultConfigurationName = Release;
		};
/* End XCConfigurationList section */
	};
	rootObject = 54CBA40D2B72205C00BD9125 /* Project object */;
}
